
Microsoft Visual Studio Solution File, Format Version 12.00
# Visual Studio 15
VisualStudioVersion = 15.0.27703.2018
MinimumVisualStudioVersion = 10.0.40219.1
Project("{9A19103F-16F7-4668-BE54-9A1E7A4F7556}") = "ModelCodeBarre", "ModelCodeBarre\ModelCodeBarre.csproj", "{5BD1E38D-4F16-4716-981C-7ED6E399F4D3}"
EndProject
Project("{9A19103F-16F7-4668-BE54-9A1E7A4F7556}") = "Test_Stub_Manager", "Test_Stub_Manager\Test_Stub_Manager.csproj", "{825DF89B-A810-46DD-81FB-668F2BA5B942}"
	ProjectSection(ProjectDependencies) = postProject
		{5BD1E38D-4F16-4716-981C-7ED6E399F4D3} = {5BD1E38D-4F16-4716-981C-7ED6E399F4D3}
	EndProjectSection
EndProject
Project("{9A19103F-16F7-4668-BE54-9A1E7A4F7556}") = "StubLib", "StubLib\StubLib.csproj", "{5B5B1C15-FC1F-48EB-97DD-6F75600B9875}"
EndProject
Project("{9A19103F-16F7-4668-BE54-9A1E7A4F7556}") = "TestManager", "TestManager\TestManager.csproj", "{3F04D32F-09E7-457C-93BA-E7C4D6AF629E}"
EndProject
Project("{9A19103F-16F7-4668-BE54-9A1E7A4F7556}") = "MaWebAPI", "MaWebAPI\MaWebAPI.csproj", "{5E887726-A1BD-4EAB-A134-317838969A4C}"
EndProject
Project("{FAE04EC0-301F-11D3-BF4B-00C04F79EFBC}") = "ApiLib", "ApiLib\ApiLib.csproj", "{159CCBD2-55E8-414E-B3FE-8E3F4F848D5A}"
EndProject
Project("{D954291E-2A0B-460D-934E-DC6B0785DB48}") = "Interface", "..\Interface\App1\App1\Interface.shproj", "{16DDAD45-AC71-433D-8707-7AA6FB67C6D8}"
EndProject
Project("{FAE04EC0-301F-11D3-BF4B-00C04F79EFBC}") = "App1.Android", "..\Interface\App1\App1.Android\App1.Android.csproj", "{5EE28B73-AE9D-4D49-991D-61E7C723F80F}"
EndProject
Project("{FAE04EC0-301F-11D3-BF4B-00C04F79EFBC}") = "App1.iOS", "..\Interface\App1\App1.iOS\App1.iOS.csproj", "{8B3C2F11-1257-4D78-8753-3E0905EFA628}"
EndProject
Project("{FAE04EC0-301F-11D3-BF4B-00C04F79EFBC}") = "App1.UWP", "..\Interface\App1\App1.UWP\App1.UWP.csproj", "{ECB81EEB-4B71-4CE9-8D99-36B0BD98DA0F}"
EndProject
Project("{2150E333-8FDC-42A3-9474-1A3956D46DE8}") = "Vues", "Vues", "{332B29D6-75A1-42BE-B5D8-7153DBF9C657}"
EndProject
Project("{2150E333-8FDC-42A3-9474-1A3956D46DE8}") = "Tests", "Tests", "{D2EC7D26-763E-4F06-B0A1-2BFE1AB1FA40}"
EndProject
Project("{2150E333-8FDC-42A3-9474-1A3956D46DE8}") = "Shared", "Shared", "{12C3B9D0-087C-48A7-A228-AC73420D23A3}"
EndProject
Project("{2150E333-8FDC-42A3-9474-1A3956D46DE8}") = "API", "API", "{598D82BA-6600-474A-94AA-CF23F4FBF2C1}"
EndProject
Global
	GlobalSection(SolutionConfigurationPlatforms) = preSolution
		Debug|Any CPU = Debug|Any CPU
		Release|Any CPU = Release|Any CPU
		Debug|iPhoneSimulator = Debug|iPhoneSimulator
		Release|iPhoneSimulator = Release|iPhoneSimulator
		Debug|iPhone = Debug|iPhone
		Release|iPhone = Release|iPhone
		Ad-Hoc|iPhone = Ad-Hoc|iPhone
		AppStore|iPhone = AppStore|iPhone
	EndGlobalSection
	GlobalSection(ProjectConfigurationPlatforms) = postSolution
		{5BD1E38D-4F16-4716-981C-7ED6E399F4D3}.Debug|Any CPU.ActiveCfg = Debug|Any CPU
		{5BD1E38D-4F16-4716-981C-7ED6E399F4D3}.Debug|Any CPU.Build.0 = Debug|Any CPU
		{5BD1E38D-4F16-4716-981C-7ED6E399F4D3}.Release|Any CPU.ActiveCfg = Release|Any CPU
		{5BD1E38D-4F16-4716-981C-7ED6E399F4D3}.Release|Any CPU.Build.0 = Release|Any CPU
		{5BD1E38D-4F16-4716-981C-7ED6E399F4D3}.Debug|iPhoneSimulator.ActiveCfg = Debug|Any CPU
		{5BD1E38D-4F16-4716-981C-7ED6E399F4D3}.Debug|iPhoneSimulator.Build.0 = Debug|Any CPU
		{5BD1E38D-4F16-4716-981C-7ED6E399F4D3}.Release|iPhoneSimulator.ActiveCfg = Release|Any CPU
		{5BD1E38D-4F16-4716-981C-7ED6E399F4D3}.Release|iPhoneSimulator.Build.0 = Release|Any CPU
		{5BD1E38D-4F16-4716-981C-7ED6E399F4D3}.Debug|iPhone.ActiveCfg = Debug|Any CPU
		{5BD1E38D-4F16-4716-981C-7ED6E399F4D3}.Debug|iPhone.Build.0 = Debug|Any CPU
		{5BD1E38D-4F16-4716-981C-7ED6E399F4D3}.Release|iPhone.ActiveCfg = Release|Any CPU
		{5BD1E38D-4F16-4716-981C-7ED6E399F4D3}.Release|iPhone.Build.0 = Release|Any CPU
		{5BD1E38D-4F16-4716-981C-7ED6E399F4D3}.Ad-Hoc|iPhone.ActiveCfg = Debug|Any CPU
		{5BD1E38D-4F16-4716-981C-7ED6E399F4D3}.Ad-Hoc|iPhone.Build.0 = Debug|Any CPU
		{5BD1E38D-4F16-4716-981C-7ED6E399F4D3}.AppStore|iPhone.ActiveCfg = Debug|Any CPU
		{5BD1E38D-4F16-4716-981C-7ED6E399F4D3}.AppStore|iPhone.Build.0 = Debug|Any CPU
		{825DF89B-A810-46DD-81FB-668F2BA5B942}.Debug|Any CPU.ActiveCfg = Debug|Any CPU
		{825DF89B-A810-46DD-81FB-668F2BA5B942}.Debug|Any CPU.Build.0 = Debug|Any CPU
		{825DF89B-A810-46DD-81FB-668F2BA5B942}.Release|Any CPU.ActiveCfg = Release|Any CPU
		{825DF89B-A810-46DD-81FB-668F2BA5B942}.Release|Any CPU.Build.0 = Release|Any CPU
		{825DF89B-A810-46DD-81FB-668F2BA5B942}.Debug|iPhoneSimulator.ActiveCfg = Debug|Any CPU
		{825DF89B-A810-46DD-81FB-668F2BA5B942}.Debug|iPhoneSimulator.Build.0 = Debug|Any CPU
		{825DF89B-A810-46DD-81FB-668F2BA5B942}.Release|iPhoneSimulator.ActiveCfg = Release|Any CPU
		{825DF89B-A810-46DD-81FB-668F2BA5B942}.Release|iPhoneSimulator.Build.0 = Release|Any CPU
		{825DF89B-A810-46DD-81FB-668F2BA5B942}.Debug|iPhone.ActiveCfg = Debug|Any CPU
		{825DF89B-A810-46DD-81FB-668F2BA5B942}.Debug|iPhone.Build.0 = Debug|Any CPU
		{825DF89B-A810-46DD-81FB-668F2BA5B942}.Release|iPhone.ActiveCfg = Release|Any CPU
		{825DF89B-A810-46DD-81FB-668F2BA5B942}.Release|iPhone.Build.0 = Release|Any CPU
		{825DF89B-A810-46DD-81FB-668F2BA5B942}.Ad-Hoc|iPhone.ActiveCfg = Debug|Any CPU
		{825DF89B-A810-46DD-81FB-668F2BA5B942}.Ad-Hoc|iPhone.Build.0 = Debug|Any CPU
		{825DF89B-A810-46DD-81FB-668F2BA5B942}.AppStore|iPhone.ActiveCfg = Debug|Any CPU
		{825DF89B-A810-46DD-81FB-668F2BA5B942}.AppStore|iPhone.Build.0 = Debug|Any CPU
		{5B5B1C15-FC1F-48EB-97DD-6F75600B9875}.Debug|Any CPU.ActiveCfg = Debug|Any CPU
		{5B5B1C15-FC1F-48EB-97DD-6F75600B9875}.Debug|Any CPU.Build.0 = Debug|Any CPU
		{5B5B1C15-FC1F-48EB-97DD-6F75600B9875}.Release|Any CPU.ActiveCfg = Release|Any CPU
		{5B5B1C15-FC1F-48EB-97DD-6F75600B9875}.Release|Any CPU.Build.0 = Release|Any CPU
		{5B5B1C15-FC1F-48EB-97DD-6F75600B9875}.Debug|iPhoneSimulator.ActiveCfg = Debug|Any CPU
		{5B5B1C15-FC1F-48EB-97DD-6F75600B9875}.Debug|iPhoneSimulator.Build.0 = Debug|Any CPU
		{5B5B1C15-FC1F-48EB-97DD-6F75600B9875}.Release|iPhoneSimulator.ActiveCfg = Release|Any CPU
		{5B5B1C15-FC1F-48EB-97DD-6F75600B9875}.Release|iPhoneSimulator.Build.0 = Release|Any CPU
		{5B5B1C15-FC1F-48EB-97DD-6F75600B9875}.Debug|iPhone.ActiveCfg = Debug|Any CPU
		{5B5B1C15-FC1F-48EB-97DD-6F75600B9875}.Debug|iPhone.Build.0 = Debug|Any CPU
		{5B5B1C15-FC1F-48EB-97DD-6F75600B9875}.Release|iPhone.ActiveCfg = Release|Any CPU
		{5B5B1C15-FC1F-48EB-97DD-6F75600B9875}.Release|iPhone.Build.0 = Release|Any CPU
		{5B5B1C15-FC1F-48EB-97DD-6F75600B9875}.Ad-Hoc|iPhone.ActiveCfg = Debug|Any CPU
		{5B5B1C15-FC1F-48EB-97DD-6F75600B9875}.Ad-Hoc|iPhone.Build.0 = Debug|Any CPU
		{5B5B1C15-FC1F-48EB-97DD-6F75600B9875}.AppStore|iPhone.ActiveCfg = Debug|Any CPU
		{5B5B1C15-FC1F-48EB-97DD-6F75600B9875}.AppStore|iPhone.Build.0 = Debug|Any CPU
		{3F04D32F-09E7-457C-93BA-E7C4D6AF629E}.Debug|Any CPU.ActiveCfg = Debug|Any CPU
		{3F04D32F-09E7-457C-93BA-E7C4D6AF629E}.Debug|Any CPU.Build.0 = Debug|Any CPU
		{3F04D32F-09E7-457C-93BA-E7C4D6AF629E}.Release|Any CPU.ActiveCfg = Release|Any CPU
		{3F04D32F-09E7-457C-93BA-E7C4D6AF629E}.Release|Any CPU.Build.0 = Release|Any CPU
		{3F04D32F-09E7-457C-93BA-E7C4D6AF629E}.Debug|iPhoneSimulator.ActiveCfg = Debug|Any CPU
		{3F04D32F-09E7-457C-93BA-E7C4D6AF629E}.Debug|iPhoneSimulator.Build.0 = Debug|Any CPU
		{3F04D32F-09E7-457C-93BA-E7C4D6AF629E}.Release|iPhoneSimulator.ActiveCfg = Release|Any CPU
		{3F04D32F-09E7-457C-93BA-E7C4D6AF629E}.Release|iPhoneSimulator.Build.0 = Release|Any CPU
		{3F04D32F-09E7-457C-93BA-E7C4D6AF629E}.Debug|iPhone.ActiveCfg = Debug|Any CPU
		{3F04D32F-09E7-457C-93BA-E7C4D6AF629E}.Debug|iPhone.Build.0 = Debug|Any CPU
		{3F04D32F-09E7-457C-93BA-E7C4D6AF629E}.Release|iPhone.ActiveCfg = Release|Any CPU
		{3F04D32F-09E7-457C-93BA-E7C4D6AF629E}.Release|iPhone.Build.0 = Release|Any CPU
		{3F04D32F-09E7-457C-93BA-E7C4D6AF629E}.Ad-Hoc|iPhone.ActiveCfg = Debug|Any CPU
		{3F04D32F-09E7-457C-93BA-E7C4D6AF629E}.Ad-Hoc|iPhone.Build.0 = Debug|Any CPU
		{3F04D32F-09E7-457C-93BA-E7C4D6AF629E}.AppStore|iPhone.ActiveCfg = Debug|Any CPU
		{3F04D32F-09E7-457C-93BA-E7C4D6AF629E}.AppStore|iPhone.Build.0 = Debug|Any CPU
		{5E887726-A1BD-4EAB-A134-317838969A4C}.Debug|Any CPU.ActiveCfg = Debug|Any CPU
		{5E887726-A1BD-4EAB-A134-317838969A4C}.Debug|Any CPU.Build.0 = Debug|Any CPU
		{5E887726-A1BD-4EAB-A134-317838969A4C}.Release|Any CPU.ActiveCfg = Release|Any CPU
		{5E887726-A1BD-4EAB-A134-317838969A4C}.Release|Any CPU.Build.0 = Release|Any CPU
		{5E887726-A1BD-4EAB-A134-317838969A4C}.Debug|iPhoneSimulator.ActiveCfg = Debug|Any CPU
		{5E887726-A1BD-4EAB-A134-317838969A4C}.Debug|iPhoneSimulator.Build.0 = Debug|Any CPU
		{5E887726-A1BD-4EAB-A134-317838969A4C}.Release|iPhoneSimulator.ActiveCfg = Release|Any CPU
		{5E887726-A1BD-4EAB-A134-317838969A4C}.Release|iPhoneSimulator.Build.0 = Release|Any CPU
		{5E887726-A1BD-4EAB-A134-317838969A4C}.Debug|iPhone.ActiveCfg = Debug|Any CPU
		{5E887726-A1BD-4EAB-A134-317838969A4C}.Debug|iPhone.Build.0 = Debug|Any CPU
		{5E887726-A1BD-4EAB-A134-317838969A4C}.Release|iPhone.ActiveCfg = Release|Any CPU
		{5E887726-A1BD-4EAB-A134-317838969A4C}.Release|iPhone.Build.0 = Release|Any CPU
		{5E887726-A1BD-4EAB-A134-317838969A4C}.Ad-Hoc|iPhone.ActiveCfg = Debug|Any CPU
		{5E887726-A1BD-4EAB-A134-317838969A4C}.Ad-Hoc|iPhone.Build.0 = Debug|Any CPU
		{5E887726-A1BD-4EAB-A134-317838969A4C}.AppStore|iPhone.ActiveCfg = Debug|Any CPU
		{5E887726-A1BD-4EAB-A134-317838969A4C}.AppStore|iPhone.Build.0 = Debug|Any CPU
		{159CCBD2-55E8-414E-B3FE-8E3F4F848D5A}.Debug|Any CPU.ActiveCfg = Debug|Any CPU
		{159CCBD2-55E8-414E-B3FE-8E3F4F848D5A}.Debug|Any CPU.Build.0 = Debug|Any CPU
		{159CCBD2-55E8-414E-B3FE-8E3F4F848D5A}.Release|Any CPU.ActiveCfg = Release|Any CPU
		{159CCBD2-55E8-414E-B3FE-8E3F4F848D5A}.Release|Any CPU.Build.0 = Release|Any CPU
		{159CCBD2-55E8-414E-B3FE-8E3F4F848D5A}.Debug|iPhoneSimulator.ActiveCfg = Debug|Any CPU
		{159CCBD2-55E8-414E-B3FE-8E3F4F848D5A}.Debug|iPhoneSimulator.Build.0 = Debug|Any CPU
		{159CCBD2-55E8-414E-B3FE-8E3F4F848D5A}.Release|iPhoneSimulator.ActiveCfg = Release|Any CPU
		{159CCBD2-55E8-414E-B3FE-8E3F4F848D5A}.Release|iPhoneSimulator.Build.0 = Release|Any CPU
		{159CCBD2-55E8-414E-B3FE-8E3F4F848D5A}.Debug|iPhone.ActiveCfg = Debug|Any CPU
		{159CCBD2-55E8-414E-B3FE-8E3F4F848D5A}.Debug|iPhone.Build.0 = Debug|Any CPU
		{159CCBD2-55E8-414E-B3FE-8E3F4F848D5A}.Release|iPhone.ActiveCfg = Release|Any CPU
		{159CCBD2-55E8-414E-B3FE-8E3F4F848D5A}.Release|iPhone.Build.0 = Release|Any CPU
		{159CCBD2-55E8-414E-B3FE-8E3F4F848D5A}.Ad-Hoc|iPhone.ActiveCfg = Debug|Any CPU
		{159CCBD2-55E8-414E-B3FE-8E3F4F848D5A}.Ad-Hoc|iPhone.Build.0 = Debug|Any CPU
		{159CCBD2-55E8-414E-B3FE-8E3F4F848D5A}.AppStore|iPhone.ActiveCfg = Debug|Any CPU
		{159CCBD2-55E8-414E-B3FE-8E3F4F848D5A}.AppStore|iPhone.Build.0 = Debug|Any CPU
		{5EE28B73-AE9D-4D49-991D-61E7C723F80F}.Debug|Any CPU.ActiveCfg = Debug|Any CPU
		{5EE28B73-AE9D-4D49-991D-61E7C723F80F}.Debug|Any CPU.Build.0 = Debug|Any CPU
		{5EE28B73-AE9D-4D49-991D-61E7C723F80F}.Release|Any CPU.ActiveCfg = Release|Any CPU
		{5EE28B73-AE9D-4D49-991D-61E7C723F80F}.Release|Any CPU.Build.0 = Release|Any CPU
		{5EE28B73-AE9D-4D49-991D-61E7C723F80F}.Debug|iPhoneSimulator.ActiveCfg = Debug|Any CPU
		{5EE28B73-AE9D-4D49-991D-61E7C723F80F}.Debug|iPhoneSimulator.Build.0 = Debug|Any CPU
		{5EE28B73-AE9D-4D49-991D-61E7C723F80F}.Release|iPhoneSimulator.ActiveCfg = Release|Any CPU
		{5EE28B73-AE9D-4D49-991D-61E7C723F80F}.Release|iPhoneSimulator.Build.0 = Release|Any CPU
		{5EE28B73-AE9D-4D49-991D-61E7C723F80F}.Debug|iPhone.ActiveCfg = Debug|Any CPU
		{5EE28B73-AE9D-4D49-991D-61E7C723F80F}.Debug|iPhone.Build.0 = Debug|Any CPU
		{5EE28B73-AE9D-4D49-991D-61E7C723F80F}.Release|iPhone.ActiveCfg = Release|Any CPU
		{5EE28B73-AE9D-4D49-991D-61E7C723F80F}.Release|iPhone.Build.0 = Release|Any CPU
		{5EE28B73-AE9D-4D49-991D-61E7C723F80F}.Ad-Hoc|iPhone.ActiveCfg = Debug|Any CPU
		{5EE28B73-AE9D-4D49-991D-61E7C723F80F}.Ad-Hoc|iPhone.Build.0 = Debug|Any CPU
		{5EE28B73-AE9D-4D49-991D-61E7C723F80F}.AppStore|iPhone.ActiveCfg = Debug|Any CPU
		{5EE28B73-AE9D-4D49-991D-61E7C723F80F}.AppStore|iPhone.Build.0 = Debug|Any CPU
		{8B3C2F11-1257-4D78-8753-3E0905EFA628}.Debug|Any CPU.ActiveCfg = Debug|iPhoneSimulator
		{8B3C2F11-1257-4D78-8753-3E0905EFA628}.Debug|Any CPU.Build.0 = Debug|iPhoneSimulator
		{8B3C2F11-1257-4D78-8753-3E0905EFA628}.Release|Any CPU.ActiveCfg = Release|iPhoneSimulator
		{8B3C2F11-1257-4D78-8753-3E0905EFA628}.Release|Any CPU.Build.0 = Release|iPhoneSimulator
		{8B3C2F11-1257-4D78-8753-3E0905EFA628}.Debug|iPhoneSimulator.ActiveCfg = Debug|iPhoneSimulator
		{8B3C2F11-1257-4D78-8753-3E0905EFA628}.Debug|iPhoneSimulator.Build.0 = Debug|iPhoneSimulator
		{8B3C2F11-1257-4D78-8753-3E0905EFA628}.Release|iPhoneSimulator.ActiveCfg = Release|iPhoneSimulator
		{8B3C2F11-1257-4D78-8753-3E0905EFA628}.Release|iPhoneSimulator.Build.0 = Release|iPhoneSimulator
		{8B3C2F11-1257-4D78-8753-3E0905EFA628}.Debug|iPhone.ActiveCfg = Debug|iPhone
		{8B3C2F11-1257-4D78-8753-3E0905EFA628}.Debug|iPhone.Build.0 = Debug|iPhone
		{8B3C2F11-1257-4D78-8753-3E0905EFA628}.Release|iPhone.ActiveCfg = Release|iPhone
		{8B3C2F11-1257-4D78-8753-3E0905EFA628}.Release|iPhone.Build.0 = Release|iPhone
		{8B3C2F11-1257-4D78-8753-3E0905EFA628}.Ad-Hoc|iPhone.ActiveCfg = Ad-Hoc|iPhone
		{8B3C2F11-1257-4D78-8753-3E0905EFA628}.Ad-Hoc|iPhone.Build.0 = Ad-Hoc|iPhone
		{8B3C2F11-1257-4D78-8753-3E0905EFA628}.AppStore|iPhone.ActiveCfg = AppStore|iPhone
		{8B3C2F11-1257-4D78-8753-3E0905EFA628}.AppStore|iPhone.Build.0 = AppStore|iPhone
		{ECB81EEB-4B71-4CE9-8D99-36B0BD98DA0F}.Debug|Any CPU.ActiveCfg = Debug|ARM
		{ECB81EEB-4B71-4CE9-8D99-36B0BD98DA0F}.Debug|Any CPU.Build.0 = Debug|ARM
		{ECB81EEB-4B71-4CE9-8D99-36B0BD98DA0F}.Release|Any CPU.ActiveCfg = Release|ARM
		{ECB81EEB-4B71-4CE9-8D99-36B0BD98DA0F}.Release|Any CPU.Build.0 = Release|ARM
		{ECB81EEB-4B71-4CE9-8D99-36B0BD98DA0F}.Debug|iPhoneSimulator.ActiveCfg = Debug|ARM
		{ECB81EEB-4B71-4CE9-8D99-36B0BD98DA0F}.Debug|iPhoneSimulator.Build.0 = Debug|ARM
		{ECB81EEB-4B71-4CE9-8D99-36B0BD98DA0F}.Release|iPhoneSimulator.ActiveCfg = Release|ARM
		{ECB81EEB-4B71-4CE9-8D99-36B0BD98DA0F}.Release|iPhoneSimulator.Build.0 = Release|ARM
		{ECB81EEB-4B71-4CE9-8D99-36B0BD98DA0F}.Debug|iPhone.ActiveCfg = Debug|ARM
		{ECB81EEB-4B71-4CE9-8D99-36B0BD98DA0F}.Debug|iPhone.Build.0 = Debug|ARM
		{ECB81EEB-4B71-4CE9-8D99-36B0BD98DA0F}.Release|iPhone.ActiveCfg = Release|ARM
		{ECB81EEB-4B71-4CE9-8D99-36B0BD98DA0F}.Release|iPhone.Build.0 = Release|ARM
		{ECB81EEB-4B71-4CE9-8D99-36B0BD98DA0F}.Ad-Hoc|iPhone.ActiveCfg = Debug|ARM
		{ECB81EEB-4B71-4CE9-8D99-36B0BD98DA0F}.Ad-Hoc|iPhone.Build.0 = Debug|ARM
		{ECB81EEB-4B71-4CE9-8D99-36B0BD98DA0F}.AppStore|iPhone.ActiveCfg = Debug|ARM
		{ECB81EEB-4B71-4CE9-8D99-36B0BD98DA0F}.AppStore|iPhone.Build.0 = Debug|ARM
	EndGlobalSection
	GlobalSection(SolutionProperties) = preSolution
		HideSolutionNode = FALSE
	EndGlobalSection
	GlobalSection(ExtensibilityGlobals) = postSolution
		SolutionGuid = {F2A8F242-FAF3-4897-8300-861EE54FAB18}
	EndGlobalSection
	GlobalSection(NestedProjects) = preSolution
		{5EE28B73-AE9D-4D49-991D-61E7C723F80F} = {332B29D6-75A1-42BE-B5D8-7153DBF9C657}
		{8B3C2F11-1257-4D78-8753-3E0905EFA628} = {332B29D6-75A1-42BE-B5D8-7153DBF9C657}
		{ECB81EEB-4B71-4CE9-8D99-36B0BD98DA0F} = {332B29D6-75A1-42BE-B5D8-7153DBF9C657}
		{16DDAD45-AC71-433D-8707-7AA6FB67C6D8} = {332B29D6-75A1-42BE-B5D8-7153DBF9C657}
		{825DF89B-A810-46DD-81FB-668F2BA5B942} = {D2EC7D26-763E-4F06-B0A1-2BFE1AB1FA40}
		{3F04D32F-09E7-457C-93BA-E7C4D6AF629E} = {D2EC7D26-763E-4F06-B0A1-2BFE1AB1FA40}
		{5BD1E38D-4F16-4716-981C-7ED6E399F4D3} = {12C3B9D0-087C-48A7-A228-AC73420D23A3}
		{5B5B1C15-FC1F-48EB-97DD-6F75600B9875} = {12C3B9D0-087C-48A7-A228-AC73420D23A3}
		{159CCBD2-55E8-414E-B3FE-8E3F4F848D5A} = {598D82BA-6600-474A-94AA-CF23F4FBF2C1}
		{5E887726-A1BD-4EAB-A134-317838969A4C} = {598D82BA-6600-474A-94AA-CF23F4FBF2C1}
	EndGlobalSection
EndGlobal
